
Microsoft Visual Studio Solution File, Format Version 12.00
# Visual Studio Version 16
VisualStudioVersion = 16.0.30523.141
MinimumVisualStudioVersion = 10.0.40219.1
Project("{FAE04EC0-301F-11D3-BF4B-00C04F79EFBC}") = "EfPersonelOtomasyonu", "EfPersonelOtomasyonu\EfPersonelOtomasyonu.csproj", "{B9C19338-5DC5-44BF-AB34-27BD5157E34D}"
EndProject
Global
	GlobalSection(SolutionConfigurationPlatforms) = preSolution
		Debug|Any CPU = Debug|Any CPU
		Release|Any CPU = Release|Any CPU
	EndGlobalSection
	GlobalSection(ProjectConfigurationPlatforms) = postSolution
		{B9C19338-5DC5-44BF-AB34-27BD5157E34D}.Debug|Any CPU.ActiveCfg = Debug|Any CPU
		{B9C19338-5DC5-44BF-AB34-27BD5157E34D}.Debug|Any CPU.Build.0 = Debug|Any CPU
		{B9C19338-5DC5-44BF-AB34-27BD5157E34D}.Release|Any CPU.ActiveCfg = Release|Any CPU
		{B9C19338-5DC5-44BF-AB34-27BD5157E34D}.Release|Any CPU.Build.0 = Release|Any CPU
	EndGlobalSection
	GlobalSection(SolutionProperties) = preSolution
		HideSolutionNode = FALSE
	EndGlobalSection
	GlobalSection(ExtensibilityGlobals) = postSolution
		SolutionGuid = {EFE52931-E18E-4557-8FEB-A73C39EE8873}
	EndGlobalSection
EndGlobal
